
Microsoft Visual Studio Solution File, Format Version 12.00
# Visual Studio Version 16
VisualStudioVersion = 16.0.29911.84
MinimumVisualStudioVersion = 10.0.40219.1
Project("{FAE04EC0-301F-11D3-BF4B-00C04F79EFBC}") = "EfApi", "EfApi\EfApi.csproj", "{8D87CAF6-88C7-44BC-944E-795045D2A6CC}"
EndProject
Global
	GlobalSection(SolutionConfigurationPlatforms) = preSolution
		Debug|Any CPU = Debug|Any CPU
		Release|Any CPU = Release|Any CPU
	EndGlobalSection
	GlobalSection(ProjectConfigurationPlatforms) = postSolution
		{8D87CAF6-88C7-44BC-944E-795045D2A6CC}.Debug|Any CPU.ActiveCfg = Debug|Any CPU
		{8D87CAF6-88C7-44BC-944E-795045D2A6CC}.Debug|Any CPU.Build.0 = Debug|Any CPU
		{8D87CAF6-88C7-44BC-944E-795045D2A6CC}.Release|Any CPU.ActiveCfg = Release|Any CPU
		{8D87CAF6-88C7-44BC-944E-795045D2A6CC}.Release|Any CPU.Build.0 = Release|Any CPU
	EndGlobalSection
	GlobalSection(SolutionProperties) = preSolution
		HideSolutionNode = FALSE
	EndGlobalSection
	GlobalSection(ExtensibilityGlobals) = postSolution
		SolutionGuid = {479E5B78-1F1A-4727-89A3-0DBA588D8DDA}
	EndGlobalSection
EndGlobal
